// !$*UTF8*$!
{
	archiveVersion = 1;
	classes = {
	};
	objectVersion = 46;
	objects = {

/* Begin PBXBuildFile section */
		600E471C1D0A2DED006CAE3E /* main.m in Sources */ = {isa = PBXBuildFile; fileRef = 600E471B1D0A2DED006CAE3E /* main.m */; };
		600E47241D0AC3B9006CAE3E /* Person.m in Sources */ = {isa = PBXBuildFile; fileRef = 600E47231D0AC3B9006CAE3E /* Person.m */; };
/* End PBXBuildFile section */

/* Begin PBXContainerItemProxy section */
		600E47531D0AD028006CAE3E /* PBXContainerItemProxy */ = {
			isa = PBXContainerItemProxy;
			containerPortal = 600E474F1D0AD028006CAE3E /* Tap Me.xcodeproj */;
			proxyType = 2;
			remoteGlobalIDString = 600E47351D0AD028006CAE3E;
			remoteInfo = "Tap Me";
		};
/* End PBXContainerItemProxy section */

/* Begin PBXCopyFilesBuildPhase section */
		600E47161D0A2DED006CAE3E /* CopyFiles */ = {
			isa = PBXCopyFilesBuildPhase;
			buildActionMask = 2147483647;
			dstPath = /usr/share/man/man1/;
			dstSubfolderSpec = 0;
			files = (
			);
			runOnlyForDeploymentPostprocessing = 1;
		};
/* End PBXCopyFilesBuildPhase section */

/* Begin PBXFileReference section */
		600E47181D0A2DED006CAE3E /* ExploringObjectiveC */ = {isa = PBXFileReference; explicitFileType = "compiled.mach-o.executable"; includeInIndex = 0; path = ExploringObjectiveC; sourceTree = BUILT_PRODUCTS_DIR; };
		600E471B1D0A2DED006CAE3E /* main.m */ = {isa = PBXFileReference; lastKnownFileType = sourcecode.c.objc; path = main.m; sourceTree = "<group>"; };
		600E47221D0AC3B9006CAE3E /* Person.h */ = {isa = PBXFileReference; fileEncoding = 4; lastKnownFileType = sourcecode.c.h; path = Person.h; sourceTree = "<group>"; };
		600E47231D0AC3B9006CAE3E /* Person.m */ = {isa = PBXFileReference; fileEncoding = 4; lastKnownFileType = sourcecode.c.objc; path = Person.m; sourceTree = "<group>"; };
		600E474F1D0AD028006CAE3E /* Tap Me.xcodeproj */ = {isa = PBXFileReference; lastKnownFileType = "wrapper.pb-project"; name = "Tap Me.xcodeproj"; path = "Tap Me/Tap Me.xcodeproj"; sourceTree = "<group>"; };
/* End PBXFileReference section */

/* Begin PBXFrameworksBuildPhase section */
		600E47151D0A2DED006CAE3E /* Frameworks */ = {
			isa = PBXFrameworksBuildPhase;
			buildActionMask = 2147483647;
			files = (
			);
			runOnlyForDeploymentPostprocessing = 0;
		};
/* End PBXFrameworksBuildPhase section */

/* Begin PBXGroup section */
		600E470F1D0A2DED006CAE3E = {
			isa = PBXGroup;
			children = (
				600E474F1D0AD028006CAE3E /* Tap Me.xcodeproj */,
				600E471A1D0A2DED006CAE3E /* ExploringObjectiveC */,
				600E47191D0A2DED006CAE3E /* Products */,
			);
			sourceTree = "<group>";
		};
		600E47191D0A2DED006CAE3E /* Products */ = {
			isa = PBXGroup;
			children = (
				600E47181D0A2DED006CAE3E /* ExploringObjectiveC */,
			);
			name = Products;
			sourceTree = "<group>";
		};
		600E471A1D0A2DED006CAE3E /* ExploringObjectiveC */ = {
			isa = PBXGroup;
			children = (
				600E472B1D0ACAA3006CAE3E /* CustomClasses */,
				600E471B1D0A2DED006CAE3E /* main.m */,
			);
			path = ExploringObjectiveC;
			sourceTree = "<group>";
		};
		600E472B1D0ACAA3006CAE3E /* CustomClasses */ = {
			isa = PBXGroup;
			children = (
				600E47221D0AC3B9006CAE3E /* Person.h */,
				600E47231D0AC3B9006CAE3E /* Person.m */,
			);
			name = CustomClasses;
			sourceTree = "<group>";
		};
		600E47501D0AD028006CAE3E /* Products */ = {
			isa = PBXGroup;
			children = (
				600E47541D0AD028006CAE3E /* Tap Me.app */,
			);
			name = Products;
			sourceTree = "<group>";
		};
/* End PBXGroup section */

/* Begin PBXNativeTarget section */
		600E47171D0A2DED006CAE3E /* ExploringObjectiveC */ = {
			isa = PBXNativeTarget;
			buildConfigurationList = 600E471F1D0A2DED006CAE3E /* Build configuration list for PBXNativeTarget "ExploringObjectiveC" */;
			buildPhases = (
				600E47141D0A2DED006CAE3E /* Sources */,
				600E47151D0A2DED006CAE3E /* Frameworks */,
				600E47161D0A2DED006CAE3E /* CopyFiles */,
			);
			buildRules = (
			);
			dependencies = (
			);
			name = ExploringObjectiveC;
			productName = ExploringObjectiveC;
			productReference = 600E47181D0A2DED006CAE3E /* ExploringObjectiveC */;
			productType = "com.apple.product-type.tool";
		};
/* End PBXNativeTarget section */

/* Begin PBXProject section */
		600E47101D0A2DED006CAE3E /* Project object */ = {
			isa = PBXProject;
			attributes = {
				LastUpgradeCheck = 0730;
				ORGANIZATIONNAME = "Devesh Shetty";
				TargetAttributes = {
					600E47171D0A2DED006CAE3E = {
						CreatedOnToolsVersion = 7.3.1;
					};
				};
			};
			buildConfigurationList = 600E47131D0A2DED006CAE3E /* Build configuration list for PBXProject "ExploringObjectiveC" */;
			compatibilityVersion = "Xcode 3.2";
			developmentRegion = English;
			hasScannedForEncodings = 0;
			knownRegions = (
				en,
			);
			mainGroup = 600E470F1D0A2DED006CAE3E;
			productRefGroup = 600E47191D0A2DED006CAE3E /* Products */;
			projectDirPath = "";
			projectReferences = (
				{
					ProductGroup = 600E47501D0AD028006CAE3E /* Products */;
					ProjectRef = 600E474F1D0AD028006CAE3E /* Tap Me.xcodeproj */;
				},
			);
			projectRoot = "";
			targets = (
				600E47171D0A2DED006CAE3E /* ExploringObjectiveC */,
			);
		};
/* End PBXProject section */

/* Begin PBXReferenceProxy section */
		600E47541D0AD028006CAE3E /* Tap Me.app */ = {
			isa = PBXReferenceProxy;
			fileType = wrapper.application;
			path = "Tap Me.app";
			remoteRef = 600E47531D0AD028006CAE3E /* PBXContainerItemProxy */;
			sourceTree = BUILT_PRODUCTS_DIR;
		};
/* End PBXReferenceProxy section */

/* Begin PBXSourcesBuildPhase section */
		600E47141D0A2DED006CAE3E /* Sources */ = {
			isa = PBXSourcesBuildPhase;
			buildActionMask = 2147483647;
			files = (
				600E47241D0AC3B9006CAE3E /* Person.m in Sources */,
				600E471C1D0A2DED006CAE3E /* main.m in Sources */,
			);
			runOnlyForDeploymentPostprocessing = 0;
		};
/* End PBXSourcesBuildPhase section */

/* Begin XCBuildConfiguration section */
		600E471D1D0A2DED006CAE3E /* Debug */ = {
			isa = XCBuildConfiguration;
			buildSettings = {
				ALWAYS_SEARCH_USER_PATHS = NO;
				CLANG_ANALYZER_NONNULL = YES;
				CLANG_CXX_LANGUAGE_STANDARD = "gnu++0x";
				CLANG_CXX_LIBRARY = "libc++";
				CLANG_ENABLE_MODULES = YES;
				CLANG_ENABLE_OBJC_ARC = YES;
				CLANG_WARN_BOOL_CONVERSION = YES;
				CLANG_WARN_CONSTANT_CONVERSION = YES;
				CLANG_WARN_DIRECT_OBJC_ISA_USAGE = YES_ERROR;
				CLANG_WARN_EMPTY_BODY = YES;
				CLANG_WARN_ENUM_CONVERSION = YES;
				CLANG_WARN_INT_CONVERSION = YES;
				CLANG_WARN_OBJC_ROOT_CLASS = YES_ERROR;
				CLANG_WARN_UNREACHABLE_CODE = YES;
				CLANG_WARN__DUPLICATE_METHOD_MATCH = YES;
				CODE_SIGN_IDENTITY = "-";
				COPY_PHASE_STRIP = NO;
				DEBUG_INFORMATION_FORMAT = dwarf;
				ENABLE_STRICT_OBJC_MSGSEND = YES;
				ENABLE_TESTABILITY = YES;
				GCC_C_LANGUAGE_STANDARD = gnu99;
				GCC_DYNAMIC_NO_PIC = NO;
				GCC_NO_COMMON_BLOCKS = YES;
				GCC_OPTIMIZATION_LEVEL = 0;
				GCC_PREPROCESSOR_DEFINITIONS = (
					"DEBUG=1",
					"$(inherited)",
				);
				GCC_WARN_64_TO_32_BIT_CONVERSION = YES;
				GCC_WARN_ABOUT_RETURN_TYPE = YES_ERROR;
				GCC_WARN_UNDECLARED_SELECTOR = YES;
				GCC_WARN_UNINITIALIZED_AUTOS = YES_AGGRESSIVE;
				GCC_WARN_UNUSED_FUNCTION = YES;
				GCC_WARN_UNUSED_VARIABLE = YES;
				MACOSX_DEPLOYMENT_TARGET = 10.11;
				MTL_ENABLE_DEBUG_INFO = YES;
				ONLY_ACTIVE_ARCH = YES;
				SDKROOT = macosx;
			};
			name = Debug;
		};
		600E471E1D0A2DED006CAE3E /* Release */ = {
			isa = XCBuildConfiguration;
			buildSettings = {
				ALWAYS_SEARCH_USER_PATHS = NO;
				CLANG_ANALYZER_NONNULL = YES;
				CLANG_CXX_LANGUAGE_STANDARD = "gnu++0x";
				CLANG_CXX_LIBRARY = "libc++";
				CLANG_ENABLE_MODULES = YES;
				CLANG_ENABLE_OBJC_ARC = YES;
				CLANG_WARN_BOOL_CONVERSION = YES;
				CLANG_WARN_CONSTANT_CONVERSION = YES;
				CLANG_WARN_DIRECT_OBJC_ISA_USAGE = YES_ERROR;
				CLANG_WARN_EMPTY_BODY = YES;
				CLANG_WARN_ENUM_CONVERSION = YES;
				CLANG_WARN_INT_CONVERSION = YES;
				CLANG_WARN_OBJC_ROOT_CLASS = YES_ERROR;
				CLANG_WARN_UNREACHABLE_CODE = YES;
				CLANG_WARN__DUPLICATE_METHOD_MATCH = YES;
				CODE_SIGN_IDENTITY = "-";
				COPY_PHASE_STRIP = NO;
				DEBUG_INFORMATION_FORMAT = "dwarf-with-dsym";
				ENABLE_NS_ASSERTIONS = NO;
				ENABLE_STRICT_OBJC_MSGSEND = YES;
				GCC_C_LANGUAGE_STANDARD = gnu99;
				GCC_NO_COMMON_BLOCKS = YES;
				GCC_WARN_64_TO_32_BIT_CONVERSION = YES;
				GCC_WARN_ABOUT_RETURN_TYPE = YES_ERROR;
				GCC_WARN_UNDECLARED_SELECTOR = YES;
				GCC_WARN_UNINITIALIZED_AUTOS = YES_AGGRESSIVE;
				GCC_WARN_UNUSED_FUNCTION = YES;
				GCC_WARN_UNUSED_VARIABLE = YES;
				MACOSX_DEPLOYMENT_TARGET = 10.11;
				MTL_ENABLE_DEBUG_INFO = NO;
				SDKROOT = macosx;
			};
			name = Release;
		};
		600E47201D0A2DED006CAE3E /* Debug */ = {
			isa = XCBuildConfiguration;
			buildSettings = {
				PRODUCT_NAME = "$(TARGET_NAME)";
			};
			name = Debug;
		};
		600E47211D0A2DED006CAE3E /* Release */ = {
			isa = XCBuildConfiguration;
			buildSettings = {
				PRODUCT_NAME = "$(TARGET_NAME)";
			};
			name = Release;
		};
/* End XCBuildConfiguration section */

/* Begin XCConfigurationList section */
		600E47131D0A2DED006CAE3E /* Build configuration list for PBXProject "ExploringObjectiveC" */ = {
			isa = XCConfigurationList;
			buildConfigurations = (
				600E471D1D0A2DED006CAE3E /* Debug */,
				600E471E1D0A2DED006CAE3E /* Release */,
			);
			defaultConfigurationIsVisible = 0;
			defaultConfigurationName = Release;
		};
		600E471F1D0A2DED006CAE3E /* Build configuration list for PBXNativeTarget "ExploringObjectiveC" */ = {
			isa = XCConfigurationList;
			buildConfigurations = (
				600E47201D0A2DED006CAE3E /* Debug */,
				600E47211D0A2DED006CAE3E /* Release */,
			);
			defaultConfigurationIsVisible = 0;
			defaultConfigurationName = Release;
		};
/* End XCConfigurationList section */
	};
	rootObject = 600E47101D0A2DED006CAE3E /* Project object */;
}
